
Microsoft Visual Studio Solution File, Format Version 12.00
# Visual Studio 15
VisualStudioVersion = 15.0.26127.0
MinimumVisualStudioVersion = 10.0.40219.1
Project("{2150E333-8FDC-42A3-9474-1A3956D46DE8}") = "src", "src", "{693C87D0-190D-43D6-8E8C-B7C9BD87E4F9}"
EndProject
Project("{9A19103F-16F7-4668-BE54-9A1E7A4F7556}") = "Larais.NuGetApp", "src\Larais.NuGetApp\Larais.NuGetApp.csproj", "{A386899F-2A08-45AB-BEA5-5267C6FB7929}"
EndProject
Project("{FAE04EC0-301F-11D3-BF4B-00C04F79EFBC}") = "NuGet.Server", "src\NuGet.Server\NuGet.Server.csproj", "{C8047927-1A0B-49FD-8C78-342FFDDD8D4F}"
EndProject
Project("{FAE04EC0-301F-11D3-BF4B-00C04F79EFBC}") = "Larais.Extension", "src\Larais.Extension\Larais.Extension.csproj", "{7D09D68B-A66D-46AA-8E81-D732CEDA443E}"
EndProject
Global
	GlobalSection(SolutionConfigurationPlatforms) = preSolution
		Debug|Any CPU = Debug|Any CPU
		Debug|x64 = Debug|x64
		Debug|x86 = Debug|x86
		Release|Any CPU = Release|Any CPU
		Release|x64 = Release|x64
		Release|x86 = Release|x86
	EndGlobalSection
	GlobalSection(ProjectConfigurationPlatforms) = postSolution
		{A386899F-2A08-45AB-BEA5-5267C6FB7929}.Debug|Any CPU.ActiveCfg = Debug|Any CPU
		{A386899F-2A08-45AB-BEA5-5267C6FB7929}.Debug|Any CPU.Build.0 = Debug|Any CPU
		{A386899F-2A08-45AB-BEA5-5267C6FB7929}.Debug|x64.ActiveCfg = Debug|x64
		{A386899F-2A08-45AB-BEA5-5267C6FB7929}.Debug|x64.Build.0 = Debug|x64
		{A386899F-2A08-45AB-BEA5-5267C6FB7929}.Debug|x86.ActiveCfg = Debug|x86
		{A386899F-2A08-45AB-BEA5-5267C6FB7929}.Debug|x86.Build.0 = Debug|x86
		{A386899F-2A08-45AB-BEA5-5267C6FB7929}.Release|Any CPU.ActiveCfg = Release|Any CPU
		{A386899F-2A08-45AB-BEA5-5267C6FB7929}.Release|Any CPU.Build.0 = Release|Any CPU
		{A386899F-2A08-45AB-BEA5-5267C6FB7929}.Release|x64.ActiveCfg = Release|x64
		{A386899F-2A08-45AB-BEA5-5267C6FB7929}.Release|x64.Build.0 = Release|x64
		{A386899F-2A08-45AB-BEA5-5267C6FB7929}.Release|x86.ActiveCfg = Release|x86
		{A386899F-2A08-45AB-BEA5-5267C6FB7929}.Release|x86.Build.0 = Release|x86
		{C8047927-1A0B-49FD-8C78-342FFDDD8D4F}.Debug|Any CPU.ActiveCfg = Debug|Any CPU
		{C8047927-1A0B-49FD-8C78-342FFDDD8D4F}.Debug|Any CPU.Build.0 = Debug|Any CPU
		{C8047927-1A0B-49FD-8C78-342FFDDD8D4F}.Debug|x64.ActiveCfg = Debug|Any CPU
		{C8047927-1A0B-49FD-8C78-342FFDDD8D4F}.Debug|x64.Build.0 = Debug|Any CPU
		{C8047927-1A0B-49FD-8C78-342FFDDD8D4F}.Debug|x86.ActiveCfg = Debug|Any CPU
		{C8047927-1A0B-49FD-8C78-342FFDDD8D4F}.Debug|x86.Build.0 = Debug|Any CPU
		{C8047927-1A0B-49FD-8C78-342FFDDD8D4F}.Release|Any CPU.ActiveCfg = Release|Any CPU
		{C8047927-1A0B-49FD-8C78-342FFDDD8D4F}.Release|Any CPU.Build.0 = Release|Any CPU
		{C8047927-1A0B-49FD-8C78-342FFDDD8D4F}.Release|x64.ActiveCfg = Release|Any CPU
		{C8047927-1A0B-49FD-8C78-342FFDDD8D4F}.Release|x64.Build.0 = Release|Any CPU
		{C8047927-1A0B-49FD-8C78-342FFDDD8D4F}.Release|x86.ActiveCfg = Release|Any CPU
		{C8047927-1A0B-49FD-8C78-342FFDDD8D4F}.Release|x86.Build.0 = Release|Any CPU
		{7D09D68B-A66D-46AA-8E81-D732CEDA443E}.Debug|Any CPU.ActiveCfg = Debug|Any CPU
		{7D09D68B-A66D-46AA-8E81-D732CEDA443E}.Debug|Any CPU.Build.0 = Debug|Any CPU
		{7D09D68B-A66D-46AA-8E81-D732CEDA443E}.Debug|x64.ActiveCfg = Debug|Any CPU
		{7D09D68B-A66D-46AA-8E81-D732CEDA443E}.Debug|x64.Build.0 = Debug|Any CPU
		{7D09D68B-A66D-46AA-8E81-D732CEDA443E}.Debug|x86.ActiveCfg = Debug|Any CPU
		{7D09D68B-A66D-46AA-8E81-D732CEDA443E}.Debug|x86.Build.0 = Debug|Any CPU
		{7D09D68B-A66D-46AA-8E81-D732CEDA443E}.Release|Any CPU.ActiveCfg = Release|Any CPU
		{7D09D68B-A66D-46AA-8E81-D732CEDA443E}.Release|Any CPU.Build.0 = Release|Any CPU
		{7D09D68B-A66D-46AA-8E81-D732CEDA443E}.Release|x64.ActiveCfg = Release|Any CPU
		{7D09D68B-A66D-46AA-8E81-D732CEDA443E}.Release|x64.Build.0 = Release|Any CPU
		{7D09D68B-A66D-46AA-8E81-D732CEDA443E}.Release|x86.ActiveCfg = Release|Any CPU
		{7D09D68B-A66D-46AA-8E81-D732CEDA443E}.Release|x86.Build.0 = Release|Any CPU
	EndGlobalSection
	GlobalSection(SolutionProperties) = preSolution
		HideSolutionNode = FALSE
	EndGlobalSection
	GlobalSection(NestedProjects) = preSolution
		{A386899F-2A08-45AB-BEA5-5267C6FB7929} = {693C87D0-190D-43D6-8E8C-B7C9BD87E4F9}
		{C8047927-1A0B-49FD-8C78-342FFDDD8D4F} = {693C87D0-190D-43D6-8E8C-B7C9BD87E4F9}
		{7D09D68B-A66D-46AA-8E81-D732CEDA443E} = {693C87D0-190D-43D6-8E8C-B7C9BD87E4F9}
	EndGlobalSection
EndGlobal
